
Microsoft Visual Studio Solution File, Format Version 12.00
# Visual Studio Version 17
VisualStudioVersion = 17.11.35312.102
MinimumVisualStudioVersion = 10.0.40219.1
Project("{FAE04EC0-301F-11D3-BF4B-00C04F79EFBC}") = "#4 arithmetic operations", "..\arithmetic operations\#4 arithmetic operations.csproj", "{332C415D-ECFB-4DCC-8E1C-74E2B2EF3183}"
EndProject
Project("{FAE04EC0-301F-11D3-BF4B-00C04F79EFBC}") = "#2 Concatenation and interpolation of string in C#", "..\Concatenation and interpolation of string in C#\#2 Concatenation and interpolation of string in C#.csproj", "{1A7CA697-2274-4DCC-A20D-A039DA96EE80}"
EndProject
Project("{FAE04EC0-301F-11D3-BF4B-00C04F79EFBC}") = "#3 Convert of string to any datatype", "..\Convert of string to any datatype\#3 Convert of string to any datatype.csproj", "{50E329C3-D791-40A8-93A5-1B3753F1DE7A}"
EndProject
Project("{FAE04EC0-301F-11D3-BF4B-00C04F79EFBC}") = "#6 If else", "..\If else\#6 If else.csproj", "{41D0A601-F49E-4BAA-890C-3902A26225F5}"
EndProject
Project("{FAE04EC0-301F-11D3-BF4B-00C04F79EFBC}") = "#5 Logical operations", "..\Logical operations\#5 Logical operations.csproj", "{395A6343-4B36-4576-9E88-8D931B53E23E}"
EndProject
Project("{FAE04EC0-301F-11D3-BF4B-00C04F79EFBC}") = "#7 Switch", "..\Switch\#7 Switch.csproj", "{351734AA-81CF-4373-A442-7AD2C3E1B38B}"
EndProject
Project("{FAE04EC0-301F-11D3-BF4B-00C04F79EFBC}") = "#1 Variables", "..\Variables\#1 Variables.csproj", "{D21837B3-36F6-4D10-AF89-049082025CFA}"
EndProject
Project("{FAE04EC0-301F-11D3-BF4B-00C04F79EFBC}") = "#8 Ternar operation", "..\Ternar operation\#8 Ternar operation.csproj", "{4F801716-4473-4BE3-831F-2ECF2141D8BE}"
EndProject
Project("{FAE04EC0-301F-11D3-BF4B-00C04F79EFBC}") = "10 Cycle for", "Cycle for\10 Cycle for.csproj", "{E34A598E-476E-4DED-BFB5-C84E2E7E338E}"
EndProject
Project("{FAE04EC0-301F-11D3-BF4B-00C04F79EFBC}") = "11 Arrays", "Arrays\11 Arrays.csproj", "{213EA40C-3196-463C-87EB-87D633E859F1}"
EndProject
Project("{FAE04EC0-301F-11D3-BF4B-00C04F79EFBC}") = "12 Arrays Part 2", "Arrays Part 2\12 Arrays Part 2.csproj", "{0C63F13A-358D-4841-9CA5-51C6016AC09E}"
EndProject
Project("{FAE04EC0-301F-11D3-BF4B-00C04F79EFBC}") = "13 Two dimensional arrays", "13 Two dimensional arrays\13 Two dimensional arrays.csproj", "{D0A4A420-73D8-4BD8-B06A-394A37E57B28}"
EndProject
Project("{FAE04EC0-301F-11D3-BF4B-00C04F79EFBC}") = "14 Toothed arrays", "14 Toothed arrays\14 Toothed arrays.csproj", "{DD14BE63-D2E5-4ABF-A414-B9935D35E096}"
EndProject
Project("{FAE04EC0-301F-11D3-BF4B-00C04F79EFBC}") = "15 Methods(Functions)", "Methods(Functions)\15 Methods(Functions).csproj", "{BCA4A643-6F66-4AA0-8377-2CDC638539F1}"
EndProject
Project("{FAE04EC0-301F-11D3-BF4B-00C04F79EFBC}") = "16 Overloading methods", "16 Overloading methods\16 Overloading methods.csproj", "{F71693AC-B249-449C-94E6-452CA8CD564C}"
EndProject
Project("{FAE04EC0-301F-11D3-BF4B-00C04F79EFBC}") = "17 Scope of variables", "17 Scope of variables\17 Scope of variables.csproj", "{105E3A8D-8974-401E-9672-E5B7B937E1C6}"
EndProject
Project("{FAE04EC0-301F-11D3-BF4B-00C04F79EFBC}") = "18 Value and reference types", "18 Value and reference types\18 Value and reference types.csproj", "{E9D7F542-4CA0-4BE5-ACFA-55A99FAFA732}"
EndProject
Project("{FAE04EC0-301F-11D3-BF4B-00C04F79EFBC}") = "19 What is NULL Part1", "19 What is NULL\19 What is NULL Part1.csproj", "{16575D11-7B02-4FB5-8EAD-7239AA82B705}"
EndProject
Project("{FAE04EC0-301F-11D3-BF4B-00C04F79EFBC}") = "20 What is NULL Part2 (Chek NULL)", "20 What is NULL Part2 (Chek NULL)\20 What is NULL Part2 (Chek NULL).csproj", "{5ABA8679-08DA-4341-BC6A-3BDC77009692}"
EndProject
Project("{FAE04EC0-301F-11D3-BF4B-00C04F79EFBC}") = "21 Keyword Reference(ref)", "Keyword Reference(ref)\21 Keyword Reference(ref).csproj", "{4323E291-D929-4ECE-83E0-4671AA132718}"
EndProject
Project("{FAE04EC0-301F-11D3-BF4B-00C04F79EFBC}") = "22 Difference ref out in", "22 Difference ref out in\22 Difference ref out in.csproj", "{83B6A860-35A8-4FC4-83F8-2AAEE8DD89C0}"
EndProject
Project("{FAE04EC0-301F-11D3-BF4B-00C04F79EFBC}") = "23 Optional and named parameters in methods", "23 Optional and named parameters in methods\23 Optional and named parameters in methods.csproj", "{AB8F97B3-4146-4C72-A341-5D5C383ADD28}"
EndProject
Project("{FAE04EC0-301F-11D3-BF4B-00C04F79EFBC}") = "24 What is transformation(casting) types in C#", "24 What is transformation(casting) types in C#\24 What is transformation(casting) types in C#.csproj", "{888C5B76-F1B4-43DA-B88D-77D58A1CF31F}"
EndProject
Project("{FAE04EC0-301F-11D3-BF4B-00C04F79EFBC}") = "25 What is Nullable in C#", "What is Nullable in C#\25 What is Nullable in C#.csproj", "{04A6D222-A9F0-465F-8CFE-95537B1767E7}"
EndProject
Project("{FAE04EC0-301F-11D3-BF4B-00C04F79EFBC}") = "26 What is VAR in C#", "26 What is VAR in C#\26 What is VAR in C#.csproj", "{765935CC-68A6-49E2-A838-B6291D286068}"
EndProject
Project("{FAE04EC0-301F-11D3-BF4B-00C04F79EFBC}") = "27 Enum", "Enum\27 Enum.csproj", "{D5B50847-ABDF-4A4F-9E0A-68FE720AF822}"
EndProject
Project("{2150E333-8FDC-42A3-9474-1A3956D46DE8}") = "YouTube Les", "YouTube Les", "{CD0AF8F6-C30D-4045-BD67-10B5E0FED989}"
EndProject
Project("{2150E333-8FDC-42A3-9474-1A3956D46DE8}") = "Metanit Les", "Metanit Les", "{4313211D-57A4-40D9-8757-770CF3D71377}"
EndProject
Project("{FAE04EC0-301F-11D3-BF4B-00C04F79EFBC}") = "MT 01 Class", "1 Class\MT 01 Class.csproj", "{093B0ACD-6E18-4D91-81DD-8FB77667F2A6}"
EndProject
Project("{9A19103F-16F7-4668-BE54-9A1E7A4F7556}") = "MT 01.1 Class", "MT 1.1 Class\MT 01.1 Class.csproj", "{40A306FC-C56A-47B9-A77A-438DA91DEBD6}"
EndProject
Project("{9A19103F-16F7-4668-BE54-9A1E7A4F7556}") = "MT 02 Creating constructors", "MT 2 Creating constructors\MT 02 Creating constructors.csproj", "{432D3FEE-807E-4B40-90F1-E93F3E9E3D65}"
EndProject
Project("{FAE04EC0-301F-11D3-BF4B-00C04F79EFBC}") = "MT 03 Class Program and method Main", "MT 3 Class Program and method Main\MT 03 Class Program and method Main.csproj", "{96E3B531-7A6A-4195-896C-6434767E6230}"
EndProject
Project("{FAE04EC0-301F-11D3-BF4B-00C04F79EFBC}") = "MT 04 structures", "MT 4 structures\MT 04 structures.csproj", "{39E82702-273D-4F67-A700-CB08E5E7AE49}"
EndProject
Project("{FAE04EC0-301F-11D3-BF4B-00C04F79EFBC}") = "MT 05 value types and reference types", "MT 5 value types and reference types\MT 05 value types and reference types.csproj", "{F88B1587-48D6-494C-B155-68CA2F7E4E1B}"
EndProject
Project("{FAE04EC0-301F-11D3-BF4B-00C04F79EFBC}") = "MT 06 Space names", "MT 6 Space names\MT 06 Space names.csproj", "{A3D645CF-A884-4EF6-B512-F63F1CCD51F2}"
EndProject
Project("{FAE04EC0-301F-11D3-BF4B-00C04F79EFBC}") = "MT 07 Global names space", "MT 7 Global names space\MT 07 Global names space.csproj", "{FE55E628-AB45-4550-9EBA-8BFCC998D474}"
EndProject
Project("{FAE04EC0-301F-11D3-BF4B-00C04F79EFBC}") = "MT 08 Access Modifiers", "Access Modifiers\MT 08 Access Modifiers.csproj", "{73FE8772-0FD3-467B-B1A3-EEF7C6018FCA}"
EndProject
Project("{FAE04EC0-301F-11D3-BF4B-00C04F79EFBC}") = "MT 08.1 Test Mylib", "Mylib\MT 08.1 Test Mylib.csproj", "{2D539C20-9B42-40F9-8698-07EED166E32D}"
EndProject
Project("{FAE04EC0-301F-11D3-BF4B-00C04F79EFBC}") = "MT 08.2 Test StateConsumer", "MT8 Test StateConsumer\MT 08.2 Test StateConsumer.csproj", "{4C83E6B6-A4F1-4CE2-920E-D4FA971CDE2E}"
EndProject
Project("{FAE04EC0-301F-11D3-BF4B-00C04F79EFBC}") = "MT 09 Propertys", "MT 9 features\MT 09 Propertys.csproj", "{6A57FD9B-4700-40ED-ADDB-FDB2CF6CCD45}"
EndProject
Project("{FAE04EC0-301F-11D3-BF4B-00C04F79EFBC}") = "MT 10 Static members and modifier STATIC", "MT 10 Static members and modifier STATIC\MT 10 Static members and modifier STATIC.csproj", "{FA70A8D3-12FA-4BC1-AE88-4A19C7D2E719}"
EndProject
Project("{FAE04EC0-301F-11D3-BF4B-00C04F79EFBC}") = "MT 11 Constants, fields, and structures for reading", "MT 11 Constants, fields, and structures for reading\MT 11 Constants, fields, and structures for reading.csproj", "{FFA56C7A-080D-4B3B-9DAF-7547BC7E5E9C}"
EndProject
Project("{2150E333-8FDC-42A3-9474-1A3956D46DE8}") = "Test", "Test", "{CD732574-CCAF-4053-B115-036267A727C0}"
EndProject
Project("{FAE04EC0-301F-11D3-BF4B-00C04F79EFBC}") = "MT 12 Null and ref types", "MT 12 Null and ref types\MT 12 Null and ref types.csproj", "{DC8E950E-95D0-44F6-BBCE-C7EF3742334A}"
EndProject
Project("{FAE04EC0-301F-11D3-BF4B-00C04F79EFBC}") = "MT 13 Null and value types", "Null and value types\MT 13 Null and value types.csproj", "{A7F476E9-36E0-49AF-A74C-7A26CD337F6F}"
EndProject
Project("{FAE04EC0-301F-11D3-BF4B-00C04F79EFBC}") = "MT 14 Null check", "MT 14 Null check\MT 14 Null check.csproj", "{81102751-EB6C-44DD-BD0E-31110E02A56A}"
EndProject
Project("{9A19103F-16F7-4668-BE54-9A1E7A4F7556}") = "MT 15 Type aliases and static Imports", "MT 15 Type aliases and static Imports\MT 15 Type aliases and static Imports.csproj", "{B33B055E-8134-43C0-82CE-357F2D1F4D3D}"
EndProject
Project("{2150E333-8FDC-42A3-9474-1A3956D46DE8}") = "Pet Projects", "Pet Projects", "{4E857589-9D52-4411-9772-0A1B6DCEA76A}"
EndProject
Project("{9A19103F-16F7-4668-BE54-9A1E7A4F7556}") = "To-DoList", "To-DoList\To-DoList.csproj", "{DECA375D-DA4B-4E59-A97A-102F5AC148EC}"
EndProject
Project("{2150E333-8FDC-42A3-9474-1A3956D46DE8}") = "Engineer Spock Les", "Engineer Spock Les", "{B1B7239F-3E18-4435-959A-9B11DDEB0E8E}"
EndProject
Project("{FAE04EC0-301F-11D3-BF4B-00C04F79EFBC}") = "EN 01 Strings", "Strings\EN 01 Strings.csproj", "{40A36D95-4BB7-4E52-8116-2EBF3681B42A}"
EndProject
Project("{FAE04EC0-301F-11D3-BF4B-00C04F79EFBC}") = "EN 02 Types", "EN 02 Types\EN 02 Types.csproj", "{AB72E1F5-BCE7-4FCB-985B-7D6C36156063}"
EndProject
Project("{FAE04EC0-301F-11D3-BF4B-00C04F79EFBC}") = "EN 03 ControlFlow", "EN 03 ControlFlow\EN 03 ControlFlow.csproj", "{C12F799F-A199-4571-8B26-1227C4DF1B42}"
EndProject
Project("{2150E333-8FDC-42A3-9474-1A3956D46DE8}") = "02 MT OOP", "02 MT OOP", "{F083780F-836F-4457-B0E9-EEC7A8B078AB}"
EndProject
Project("{9A19103F-16F7-4668-BE54-9A1E7A4F7556}") = "EN 04 ArraysCollections", "EN 04 ArraysCollections\EN 04 ArraysCollections.csproj", "{9FE9F024-3CFC-4C75-939E-9DDC3EA2EE97}"
EndProject
Project("{FAE04EC0-301F-11D3-BF4B-00C04F79EFBC}") = "MT OOP 02", "MT OOP 02\MT OOP 02.csproj", "{AAD6ED9C-1C7F-412B-BE5B-A4331FFC4845}"
EndProject
Project("{FAE04EC0-301F-11D3-BF4B-00C04F79EFBC}") = "MT OOP 03.00 Generics", "MT OOP 3 Generics\MT OOP 03.00 Generics.csproj", "{17580A43-A580-4D54-B84F-306B014C1DD6}"
EndProject
Project("{FAE04EC0-301F-11D3-BF4B-00C04F79EFBC}") = "MT OOP 03.01 Generic", "MT OOP 03.01 Generic\MT OOP 03.01 Generic.csproj", "{4192280A-FAA4-4F22-8684-DB52A3171B37}"
EndProject
Project("{FAE04EC0-301F-11D3-BF4B-00C04F79EFBC}") = "MT OOP 03.02 Generic", "MT OOP 03.02 Generic\MT OOP 03.02 Generic.csproj", "{E208CB15-30DC-4A28-ACF4-926CCDF9C94D}"
EndProject
Project("{2150E333-8FDC-42A3-9474-1A3956D46DE8}") = "01 MT Classes Structs and Namesapces", "01 MT Classes Structs and Namesapces", "{36D591C7-65C7-A0D1-1CBC-10CDE441BDC8}"
EndProject
Project("{2150E333-8FDC-42A3-9474-1A3956D46DE8}") = "03 MT Exception-handling statements", "03 MT Exception-handling statements", "{B01AE08D-A673-405E-AF4B-F22809EC07F7}"
EndProject
Project("{9A19103F-16F7-4668-BE54-9A1E7A4F7556}") = "MT 01 try_catch_finally", "MT 01 try_catch_finally\MT 01 try_catch_finally.csproj", "{078CCCEE-289A-46E8-8456-F20AB3E93112}"
EndProject
Project("{FAE04EC0-301F-11D3-BF4B-00C04F79EFBC}") = "MT 02 Block catch and exceptions filters", "MT 02 Block catch and exceptions filters\MT 02 Block catch and exceptions filters.csproj", "{3271B87E-85C6-4F65-905A-2E25F80BB645}"
EndProject
Project("{FAE04EC0-301F-11D3-BF4B-00C04F79EFBC}") = "MT 03 Exception types_Class Exception", "MT 03 Exception types_Class Exception\MT 03 Exception types_Class Exception.csproj", "{1AAA1619-7FF4-44D1-835C-5E207F5BB61F}"
EndProject
Project("{FAE04EC0-301F-11D3-BF4B-00C04F79EFBC}") = "MT 04 Generate Exception and operator_throw", "MT 04 Generate Exception and operator_throw\MT 04 Generate Exception and operator_throw.csproj", "{D8055BFC-E2FC-465D-9084-38CD007AC964}"
EndProject
Project("{FAE04EC0-301F-11D3-BF4B-00C04F79EFBC}") = "MT 05 Create Excaptions classes", "MT 05 Create Excaptions classes\MT 05 Create Excaptions classes.csproj", "{E7AE00D4-A800-43B4-A014-8A05B6A503DE}"
EndProject
Project("{FAE04EC0-301F-11D3-BF4B-00C04F79EFBC}") = "MT 06 Find block catch when handling exception", "MT 06 Find block catch when handling exception\MT 06 Find block catch when handling exception.csproj", "{211A5D6E-C1E6-499B-86C0-A7CD1AABFF72}"
EndProject
Project("{2150E333-8FDC-42A3-9474-1A3956D46DE8}") = "04 MT Delegates, Events, and Lambdas", "04 MT Delegates, Events, and Lambdas", "{2B3D4568-A830-4D72-AA76-318989A2E2B4}"
EndProject
Project("{FAE04EC0-301F-11D3-BF4B-00C04F79EFBC}") = "Ch6 MT 01.00 Delegates", "Ch6 MT 01 Delegates\Ch6 MT 01.00 Delegates.csproj", "{D2A96957-BF25-4990-A074-18C9CD8568C7}"
EndProject
Project("{FAE04EC0-301F-11D3-BF4B-00C04F79EFBC}") = "Ch6 MT 01.01 Using delegates", "Ch6 MT 01.01 Using delegates\Ch6 MT 01.01 Using delegates.csproj", "{5300162F-8403-444E-8DE7-4F39C82B673F}"
EndProject
Project("{FAE04EC0-301F-11D3-BF4B-00C04F79EFBC}") = "Ch6 MT 02 Anonim methods", "Ch6 MT 02 Anonim methods\Ch6 MT 02 Anonim methods.csproj", "{D2D0043A-8951-486E-8C20-28A5A1A442FA}"
EndProject
Project("{FAE04EC0-301F-11D3-BF4B-00C04F79EFBC}") = "Test1", "Test1\Test1.csproj", "{830AC8BD-A8D3-40FA-AF45-47A22451140D}"
EndProject
Project("{FAE04EC0-301F-11D3-BF4B-00C04F79EFBC}") = "28 Delegates codaza", "28 Delegates codaza\28 Delegates codaza.csproj", "{34E2E839-7D59-434A-B67A-B68F4A563AF3}"
EndProject
Project("{FAE04EC0-301F-11D3-BF4B-00C04F79EFBC}") = "ProectStockeOnliner", "ProectStockeOnliner\ProectStockeOnliner.csproj", "{4CEB32A2-DC18-44EC-9144-96E8F4DC6AB4}"
EndProject
Project("{FAE04EC0-301F-11D3-BF4B-00C04F79EFBC}") = "Ch6 MT 03 Lambdas", "Ch6 MT 03 Lambdas\Ch6 MT 03 Lambdas.csproj", "{DA77F804-5BD7-4611-BB49-90C07BC5AD39}"
EndProject
Project("{2150E333-8FDC-42A3-9474-1A3956D46DE8}") = "05 Interface", "05 Interface", "{B63287E7-CA69-493E-99AC-3FFA0AA4390E}"
EndProject
Project("{FAE04EC0-301F-11D3-BF4B-00C04F79EFBC}") = "Ch7 MT 01 Defining interfaces", "Defining interfaces\Ch7 MT 01 Defining interfaces.csproj", "{0B42E547-F404-47F5-9A97-D93E956DB5BF}"
EndProject
Project("{FAE04EC0-301F-11D3-BF4B-00C04F79EFBC}") = "Ch6 MT 04 Events", "Ch6 MT 04 Events\Ch6 MT 04 Events.csproj", "{7A2AC537-DFD4-4D82-836F-760F0E91FB55}"
EndProject
Project("{FAE04EC0-301F-11D3-BF4B-00C04F79EFBC}") = "Ch6 MT 05 Covariance and contravariance of delegates", "Ch6 MT 05 Covariance and contravariance of delegates\Ch6 MT 05 Covariance and contravariance of delegates.csproj", "{27EDF7E4-A651-4052-8D8A-6A445659B1A7}"
EndProject
Project("{FAE04EC0-301F-11D3-BF4B-00C04F79EFBC}") = "Ch6 MT 06 Delegates Action Func and Predicate", "Ch6 MT 06 Delegates Action Func and Predicate\Ch6 MT 06 Delegates Action Func and Predicate.csproj", "{0D7E3F31-1581-4D6C-9C0A-8B7DD2A9283C}"
EndProject
Project("{FAE04EC0-301F-11D3-BF4B-00C04F79EFBC}") = "Ch6 MT 07 Closures", "Ch6 MT 07 Closures\Ch6 MT 07 Closures.csproj", "{16C47443-52F1-4CF5-84A0-95EC8E0E16B9}"
EndProject
Project("{FAE04EC0-301F-11D3-BF4B-00C04F79EFBC}") = "Ch7 MT 02 Using Interfaces", "Ch7 MT 02 Using Interfaces\Ch7 MT 02 Using Interfaces.csproj", "{22B45A1F-FA8F-4671-9635-3A988414E2AA}"
EndProject
Project("{FAE04EC0-301F-11D3-BF4B-00C04F79EFBC}") = "Ch7 MT 03 Explicit implementation of interfaces", "Ch7 MT 03 Explicit implementation of interfaces\Ch7 MT 03 Explicit implementation of interfaces.csproj", "{D21476A2-F378-4278-93FA-ED6E13B3D840}"
EndProject
Project("{FAE04EC0-301F-11D3-BF4B-00C04F79EFBC}") = "Ch7 MT 04 Implementation of intefaces in basic and derivative classes", "Ch7 MT 04 Implementation of intefaces in basic and derivative classes\Ch7 MT 04 Implementation of intefaces in basic and derivative classes.csproj", "{1E5F7ECD-4611-456D-964A-6CA4FE9A58D6}"
EndProject
Project("{FAE04EC0-301F-11D3-BF4B-00C04F79EFBC}") = "ConsoleApplication1", "ConsoleApplication1\ConsoleApplication1.csproj", "{A38B0C76-C432-40C4-9D8C-B946A1A2925A}"
EndProject
Project("{FAE04EC0-301F-11D3-BF4B-00C04F79EFBC}") = "Ch7 MT 05 Inheritance of the interfaces", "Ch7 MT 05 Inheritance of the interfaces\Ch7 MT 05 Inheritance of the interfaces.csproj", "{A3D82C39-54DF-4E42-A297-7A2B9C37490F}"
EndProject
Project("{FAE04EC0-301F-11D3-BF4B-00C04F79EFBC}") = "Ch7 MT 06 Interfaces in generic", "Ch7 MT 06 Interfaces in generic\Ch7 MT 06 Interfaces in generic.csproj", "{9E1D8BF1-EAA3-4B1C-93DF-982B5952CE73}"
EndProject
Project("{FAE04EC0-301F-11D3-BF4B-00C04F79EFBC}") = "Ch7 MT 07 Copy objects. Interface ICloneable", "Ch7 MT 07 Copy objects. Interface ICloneable\Ch7 MT 07 Copy objects. Interface ICloneable.csproj", "{9BA6B78D-1924-483D-B7B6-444FD9C61EA5}"
EndProject
Project("{2150E333-8FDC-42A3-9474-1A3956D46DE8}") = "06 Additional OOP features in C#", "06 Additional OOP features in C#", "{5E4A0911-0395-48C5-BB85-BF457FDDCF2C}"
EndProject
Project("{FAE04EC0-301F-11D3-BF4B-00C04F79EFBC}") = "Ch8 MT 01 Defining Operators", "Ch8 MT 01 Defining Operators\Ch8 MT 01 Defining Operators.csproj", "{67F0F5B9-2892-4751-9028-F2B6CC139928}"
EndProject
Project("{FAE04EC0-301F-11D3-BF4B-00C04F79EFBC}") = "Ch 8 MT 02 Overloading type conversion operations", "Ch 8 MT 02 Overloading type conversion operations\Ch 8 MT 02 Overloading type conversion operations.csproj", "{C5AE7890-B0C5-4805-927A-D212C7F26C98}"
EndProject
Project("{FAE04EC0-301F-11D3-BF4B-00C04F79EFBC}") = "Ch 8 MT 03 Indexers", "Ch 8 MT 03 Indexers\Ch 8 MT 03 Indexers.csproj", "{21F6BF28-1527-4CAC-981B-7B090A749EF8}"
EndProject
Project("{FAE04EC0-301F-11D3-BF4B-00C04F79EFBC}") = "Ch 8 MT 04 referenace variable  and ref return", "Ch 8 MT 04 referenace variable  and ref return\Ch 8 MT 04 referenace variable  and ref return.csproj", "{AFE81802-96E2-4022-A068-07CB66940BF7}"
EndProject
Project("{FAE04EC0-301F-11D3-BF4B-00C04F79EFBC}") = "Ch 8 MT 05 extension methods", "Ch 8 MT 05 extension methods\Ch 8 MT 05 extension methods.csproj", "{756B1052-E7FE-4B0E-B4DB-9EC609812A21}"
EndProject
Project("{FAE04EC0-301F-11D3-BF4B-00C04F79EFBC}") = "CH 8 MT 06 Partial classes methods and properties", "CH 8 MT 06 Partial classes methods and properties\CH 8 MT 06 Partial classes methods and properties.csproj", "{040C760E-52B7-44B7-8155-2B97B266DEFC}"
EndProject
Project("{FAE04EC0-301F-11D3-BF4B-00C04F79EFBC}") = "CH 8 MT 07 Anonymous types", "CH 8 MT 07 Anonymous types\CH 8 MT 07 Anonymous types.csproj", "{E7A24E09-2BA6-4A4B-A881-FCC89E2879CC}"
EndProject
Project("{FAE04EC0-301F-11D3-BF4B-00C04F79EFBC}") = "CH 8 MT 08 Tuples", "CH 8 MT 08 Tuples\CH 8 MT 08 Tuples.csproj", "{21E24FD0-4702-4EFB-AA13-2B14567838A7}"
EndProject
Project("{FAE04EC0-301F-11D3-BF4B-00C04F79EFBC}") = "CH 8 MT 09 Records", "CH 8 MT 09 Records\CH 8 MT 09 Records.csproj", "{DD9A49A4-0000-450D-B3A7-C460DA33B121}"
EndProject
Project("{FAE04EC0-301F-11D3-BF4B-00C04F79EFBC}") = "CH 8 MT 10 ref struct", "CH 8 MT 10 ref struct\CH 8 MT 10 ref struct.csproj", "{70497565-3102-4DA8-98D2-02FA459D46DB}"
EndProject
Project("{2150E333-8FDC-42A3-9474-1A3956D46DE8}") = "08 Collections", "08 Collections", "{33037562-80F1-4610-8FFF-888FC6472B88}"
EndProject
Project("{FAE04EC0-301F-11D3-BF4B-00C04F79EFBC}") = "CH 10 MT 01 List", "CH 10 MT 01 List\CH 10 MT 01 List.csproj", "{987689D7-DDFE-4B02-B757-66FEB4564036}"
EndProject
Project("{FAE04EC0-301F-11D3-BF4B-00C04F79EFBC}") = "CH 10 MT 02 LinkedList", "CH 10 MT 02 LinkedList\CH 10 MT 02 LinkedList.csproj", "{690FF96F-A2D0-42D7-8A43-8CB399880EBB}"
EndProject
Project("{FAE04EC0-301F-11D3-BF4B-00C04F79EFBC}") = "CH 10 MT 03 Queue", "CH 10 MT 03 Queue\CH 10 MT 03 Queue.csproj", "{F0623E8E-26E8-4DA6-B7BE-A4DE91FD2452}"
EndProject
Project("{FAE04EC0-301F-11D3-BF4B-00C04F79EFBC}") = "CH 10 MT 04 Stack", "CH 10 MT 04 Stack\CH 10 MT 04 Stack.csproj", "{E071E4E7-8286-41DC-9E1A-C52E18E711AE}"
EndProject
Project("{FAE04EC0-301F-11D3-BF4B-00C04F79EFBC}") = "CH 10 MT 05 Class ObservableCollection", "CH 10 MT 05 Class ObservableCollection\CH 10 MT 05 Class ObservableCollection.csproj", "{BC20F7B6-9D7D-4F4E-8F8B-E253CB27F5B6}"
EndProject
Project("{FAE04EC0-301F-11D3-BF4B-00C04F79EFBC}") = "CH 10 MT 06 IEnumerable and IEnumerator", "CH 10 MT 06 IEnumerable and IEnumerator\CH 10 MT 06 IEnumerable and IEnumerator.csproj", "{D60344F2-689F-4FFD-8CE8-1464FFD94724}"
EndProject
Project("{FAE04EC0-301F-11D3-BF4B-00C04F79EFBC}") = "CH 10 MT 07 Iterators and the yield operator", "CH 10 MT 07 Iterators and the yield operator\CH 10 MT 07 Iterators and the yield operator.csproj", "{FBB59BA1-4684-4590-A4B8-7F92B9D3DE9E}"
EndProject
Project("{2150E333-8FDC-42A3-9474-1A3956D46DE8}") = "15 LINQ", "15 LINQ", "{A29E1463-A600-4EEF-B43D-3F40F75BC25B}"
EndProject
Project("{FAE04EC0-301F-11D3-BF4B-00C04F79EFBC}") = "CH 17 MT 01 Base of LINQ", "CH 17 MT 01 Base of LINQ\CH 17 MT 01 Base of LINQ.csproj", "{8DED41B2-A02C-4E14-91AA-9B790B905564}"
EndProject
Project("{FAE04EC0-301F-11D3-BF4B-00C04F79EFBC}") = "CH 17 MT 02 Data projection", "CH 17 MT 02 Data projection\CH 17 MT 02 Data projection.csproj", "{A31469B4-08A4-439B-AD40-0EA6533637C6}"
EndProject
Global
	GlobalSection(SolutionConfigurationPlatforms) = preSolution
		Debug|Any CPU = Debug|Any CPU
		Release|Any CPU = Release|Any CPU
	EndGlobalSection
	GlobalSection(ProjectConfigurationPlatforms) = postSolution
		{332C415D-ECFB-4DCC-8E1C-74E2B2EF3183}.Debug|Any CPU.ActiveCfg = Debug|Any CPU
		{332C415D-ECFB-4DCC-8E1C-74E2B2EF3183}.Debug|Any CPU.Build.0 = Debug|Any CPU
		{332C415D-ECFB-4DCC-8E1C-74E2B2EF3183}.Release|Any CPU.ActiveCfg = Release|Any CPU
		{332C415D-ECFB-4DCC-8E1C-74E2B2EF3183}.Release|Any CPU.Build.0 = Release|Any CPU
		{1A7CA697-2274-4DCC-A20D-A039DA96EE80}.Debug|Any CPU.ActiveCfg = Debug|Any CPU
		{1A7CA697-2274-4DCC-A20D-A039DA96EE80}.Debug|Any CPU.Build.0 = Debug|Any CPU
		{1A7CA697-2274-4DCC-A20D-A039DA96EE80}.Release|Any CPU.ActiveCfg = Release|Any CPU
		{1A7CA697-2274-4DCC-A20D-A039DA96EE80}.Release|Any CPU.Build.0 = Release|Any CPU
		{50E329C3-D791-40A8-93A5-1B3753F1DE7A}.Debug|Any CPU.ActiveCfg = Debug|Any CPU
		{50E329C3-D791-40A8-93A5-1B3753F1DE7A}.Debug|Any CPU.Build.0 = Debug|Any CPU
		{50E329C3-D791-40A8-93A5-1B3753F1DE7A}.Release|Any CPU.ActiveCfg = Release|Any CPU
		{50E329C3-D791-40A8-93A5-1B3753F1DE7A}.Release|Any CPU.Build.0 = Release|Any CPU
		{41D0A601-F49E-4BAA-890C-3902A26225F5}.Debug|Any CPU.ActiveCfg = Debug|Any CPU
		{41D0A601-F49E-4BAA-890C-3902A26225F5}.Debug|Any CPU.Build.0 = Debug|Any CPU
		{41D0A601-F49E-4BAA-890C-3902A26225F5}.Release|Any CPU.ActiveCfg = Release|Any CPU
		{41D0A601-F49E-4BAA-890C-3902A26225F5}.Release|Any CPU.Build.0 = Release|Any CPU
		{395A6343-4B36-4576-9E88-8D931B53E23E}.Debug|Any CPU.ActiveCfg = Debug|Any CPU
		{395A6343-4B36-4576-9E88-8D931B53E23E}.Debug|Any CPU.Build.0 = Debug|Any CPU
		{395A6343-4B36-4576-9E88-8D931B53E23E}.Release|Any CPU.ActiveCfg = Release|Any CPU
		{395A6343-4B36-4576-9E88-8D931B53E23E}.Release|Any CPU.Build.0 = Release|Any CPU
		{351734AA-81CF-4373-A442-7AD2C3E1B38B}.Debug|Any CPU.ActiveCfg = Debug|Any CPU
		{351734AA-81CF-4373-A442-7AD2C3E1B38B}.Debug|Any CPU.Build.0 = Debug|Any CPU
		{351734AA-81CF-4373-A442-7AD2C3E1B38B}.Release|Any CPU.ActiveCfg = Release|Any CPU
		{351734AA-81CF-4373-A442-7AD2C3E1B38B}.Release|Any CPU.Build.0 = Release|Any CPU
		{D21837B3-36F6-4D10-AF89-049082025CFA}.Debug|Any CPU.ActiveCfg = Debug|Any CPU
		{D21837B3-36F6-4D10-AF89-049082025CFA}.Debug|Any CPU.Build.0 = Debug|Any CPU
		{D21837B3-36F6-4D10-AF89-049082025CFA}.Release|Any CPU.ActiveCfg = Release|Any CPU
		{D21837B3-36F6-4D10-AF89-049082025CFA}.Release|Any CPU.Build.0 = Release|Any CPU
		{4F801716-4473-4BE3-831F-2ECF2141D8BE}.Debug|Any CPU.ActiveCfg = Debug|Any CPU
		{4F801716-4473-4BE3-831F-2ECF2141D8BE}.Debug|Any CPU.Build.0 = Debug|Any CPU
		{4F801716-4473-4BE3-831F-2ECF2141D8BE}.Release|Any CPU.ActiveCfg = Release|Any CPU
		{4F801716-4473-4BE3-831F-2ECF2141D8BE}.Release|Any CPU.Build.0 = Release|Any CPU
		{E34A598E-476E-4DED-BFB5-C84E2E7E338E}.Debug|Any CPU.ActiveCfg = Debug|Any CPU
		{E34A598E-476E-4DED-BFB5-C84E2E7E338E}.Debug|Any CPU.Build.0 = Debug|Any CPU
		{E34A598E-476E-4DED-BFB5-C84E2E7E338E}.Release|Any CPU.ActiveCfg = Release|Any CPU
		{E34A598E-476E-4DED-BFB5-C84E2E7E338E}.Release|Any CPU.Build.0 = Release|Any CPU
		{213EA40C-3196-463C-87EB-87D633E859F1}.Debug|Any CPU.ActiveCfg = Debug|Any CPU
		{213EA40C-3196-463C-87EB-87D633E859F1}.Debug|Any CPU.Build.0 = Debug|Any CPU
		{213EA40C-3196-463C-87EB-87D633E859F1}.Release|Any CPU.ActiveCfg = Release|Any CPU
		{213EA40C-3196-463C-87EB-87D633E859F1}.Release|Any CPU.Build.0 = Release|Any CPU
		{0C63F13A-358D-4841-9CA5-51C6016AC09E}.Debug|Any CPU.ActiveCfg = Debug|Any CPU
		{0C63F13A-358D-4841-9CA5-51C6016AC09E}.Debug|Any CPU.Build.0 = Debug|Any CPU
		{0C63F13A-358D-4841-9CA5-51C6016AC09E}.Release|Any CPU.ActiveCfg = Release|Any CPU
		{0C63F13A-358D-4841-9CA5-51C6016AC09E}.Release|Any CPU.Build.0 = Release|Any CPU
		{D0A4A420-73D8-4BD8-B06A-394A37E57B28}.Debug|Any CPU.ActiveCfg = Debug|Any CPU
		{D0A4A420-73D8-4BD8-B06A-394A37E57B28}.Debug|Any CPU.Build.0 = Debug|Any CPU
		{D0A4A420-73D8-4BD8-B06A-394A37E57B28}.Release|Any CPU.ActiveCfg = Release|Any CPU
		{D0A4A420-73D8-4BD8-B06A-394A37E57B28}.Release|Any CPU.Build.0 = Release|Any CPU
		{DD14BE63-D2E5-4ABF-A414-B9935D35E096}.Debug|Any CPU.ActiveCfg = Debug|Any CPU
		{DD14BE63-D2E5-4ABF-A414-B9935D35E096}.Debug|Any CPU.Build.0 = Debug|Any CPU
		{DD14BE63-D2E5-4ABF-A414-B9935D35E096}.Release|Any CPU.ActiveCfg = Release|Any CPU
		{DD14BE63-D2E5-4ABF-A414-B9935D35E096}.Release|Any CPU.Build.0 = Release|Any CPU
		{BCA4A643-6F66-4AA0-8377-2CDC638539F1}.Debug|Any CPU.ActiveCfg = Debug|Any CPU
		{BCA4A643-6F66-4AA0-8377-2CDC638539F1}.Debug|Any CPU.Build.0 = Debug|Any CPU
		{BCA4A643-6F66-4AA0-8377-2CDC638539F1}.Release|Any CPU.ActiveCfg = Release|Any CPU
		{BCA4A643-6F66-4AA0-8377-2CDC638539F1}.Release|Any CPU.Build.0 = Release|Any CPU
		{F71693AC-B249-449C-94E6-452CA8CD564C}.Debug|Any CPU.ActiveCfg = Debug|Any CPU
		{F71693AC-B249-449C-94E6-452CA8CD564C}.Debug|Any CPU.Build.0 = Debug|Any CPU
		{F71693AC-B249-449C-94E6-452CA8CD564C}.Release|Any CPU.ActiveCfg = Release|Any CPU
		{F71693AC-B249-449C-94E6-452CA8CD564C}.Release|Any CPU.Build.0 = Release|Any CPU
		{105E3A8D-8974-401E-9672-E5B7B937E1C6}.Debug|Any CPU.ActiveCfg = Debug|Any CPU
		{105E3A8D-8974-401E-9672-E5B7B937E1C6}.Debug|Any CPU.Build.0 = Debug|Any CPU
		{105E3A8D-8974-401E-9672-E5B7B937E1C6}.Release|Any CPU.ActiveCfg = Release|Any CPU
		{105E3A8D-8974-401E-9672-E5B7B937E1C6}.Release|Any CPU.Build.0 = Release|Any CPU
		{E9D7F542-4CA0-4BE5-ACFA-55A99FAFA732}.Debug|Any CPU.ActiveCfg = Debug|Any CPU
		{E9D7F542-4CA0-4BE5-ACFA-55A99FAFA732}.Debug|Any CPU.Build.0 = Debug|Any CPU
		{E9D7F542-4CA0-4BE5-ACFA-55A99FAFA732}.Release|Any CPU.ActiveCfg = Release|Any CPU
		{E9D7F542-4CA0-4BE5-ACFA-55A99FAFA732}.Release|Any CPU.Build.0 = Release|Any CPU
		{16575D11-7B02-4FB5-8EAD-7239AA82B705}.Debug|Any CPU.ActiveCfg = Debug|Any CPU
		{16575D11-7B02-4FB5-8EAD-7239AA82B705}.Debug|Any CPU.Build.0 = Debug|Any CPU
		{16575D11-7B02-4FB5-8EAD-7239AA82B705}.Release|Any CPU.ActiveCfg = Release|Any CPU
		{16575D11-7B02-4FB5-8EAD-7239AA82B705}.Release|Any CPU.Build.0 = Release|Any CPU
		{5ABA8679-08DA-4341-BC6A-3BDC77009692}.Debug|Any CPU.ActiveCfg = Debug|Any CPU
		{5ABA8679-08DA-4341-BC6A-3BDC77009692}.Debug|Any CPU.Build.0 = Debug|Any CPU
		{5ABA8679-08DA-4341-BC6A-3BDC77009692}.Release|Any CPU.ActiveCfg = Release|Any CPU
		{5ABA8679-08DA-4341-BC6A-3BDC77009692}.Release|Any CPU.Build.0 = Release|Any CPU
		{4323E291-D929-4ECE-83E0-4671AA132718}.Debug|Any CPU.ActiveCfg = Debug|Any CPU
		{4323E291-D929-4ECE-83E0-4671AA132718}.Debug|Any CPU.Build.0 = Debug|Any CPU
		{4323E291-D929-4ECE-83E0-4671AA132718}.Release|Any CPU.ActiveCfg = Release|Any CPU
		{4323E291-D929-4ECE-83E0-4671AA132718}.Release|Any CPU.Build.0 = Release|Any CPU
		{83B6A860-35A8-4FC4-83F8-2AAEE8DD89C0}.Debug|Any CPU.ActiveCfg = Debug|Any CPU
		{83B6A860-35A8-4FC4-83F8-2AAEE8DD89C0}.Debug|Any CPU.Build.0 = Debug|Any CPU
		{83B6A860-35A8-4FC4-83F8-2AAEE8DD89C0}.Release|Any CPU.ActiveCfg = Release|Any CPU
		{83B6A860-35A8-4FC4-83F8-2AAEE8DD89C0}.Release|Any CPU.Build.0 = Release|Any CPU
		{AB8F97B3-4146-4C72-A341-5D5C383ADD28}.Debug|Any CPU.ActiveCfg = Debug|Any CPU
		{AB8F97B3-4146-4C72-A341-5D5C383ADD28}.Debug|Any CPU.Build.0 = Debug|Any CPU
		{AB8F97B3-4146-4C72-A341-5D5C383ADD28}.Release|Any CPU.ActiveCfg = Release|Any CPU
		{AB8F97B3-4146-4C72-A341-5D5C383ADD28}.Release|Any CPU.Build.0 = Release|Any CPU
		{888C5B76-F1B4-43DA-B88D-77D58A1CF31F}.Debug|Any CPU.ActiveCfg = Debug|Any CPU
		{888C5B76-F1B4-43DA-B88D-77D58A1CF31F}.Debug|Any CPU.Build.0 = Debug|Any CPU
		{888C5B76-F1B4-43DA-B88D-77D58A1CF31F}.Release|Any CPU.ActiveCfg = Release|Any CPU
		{888C5B76-F1B4-43DA-B88D-77D58A1CF31F}.Release|Any CPU.Build.0 = Release|Any CPU
		{04A6D222-A9F0-465F-8CFE-95537B1767E7}.Debug|Any CPU.ActiveCfg = Debug|Any CPU
		{04A6D222-A9F0-465F-8CFE-95537B1767E7}.Debug|Any CPU.Build.0 = Debug|Any CPU
		{04A6D222-A9F0-465F-8CFE-95537B1767E7}.Release|Any CPU.ActiveCfg = Release|Any CPU
		{04A6D222-A9F0-465F-8CFE-95537B1767E7}.Release|Any CPU.Build.0 = Release|Any CPU
		{765935CC-68A6-49E2-A838-B6291D286068}.Debug|Any CPU.ActiveCfg = Debug|Any CPU
		{765935CC-68A6-49E2-A838-B6291D286068}.Debug|Any CPU.Build.0 = Debug|Any CPU
		{765935CC-68A6-49E2-A838-B6291D286068}.Release|Any CPU.ActiveCfg = Release|Any CPU
		{765935CC-68A6-49E2-A838-B6291D286068}.Release|Any CPU.Build.0 = Release|Any CPU
		{D5B50847-ABDF-4A4F-9E0A-68FE720AF822}.Debug|Any CPU.ActiveCfg = Debug|Any CPU
		{D5B50847-ABDF-4A4F-9E0A-68FE720AF822}.Debug|Any CPU.Build.0 = Debug|Any CPU
		{D5B50847-ABDF-4A4F-9E0A-68FE720AF822}.Release|Any CPU.ActiveCfg = Release|Any CPU
		{D5B50847-ABDF-4A4F-9E0A-68FE720AF822}.Release|Any CPU.Build.0 = Release|Any CPU
		{093B0ACD-6E18-4D91-81DD-8FB77667F2A6}.Debug|Any CPU.ActiveCfg = Debug|Any CPU
		{093B0ACD-6E18-4D91-81DD-8FB77667F2A6}.Debug|Any CPU.Build.0 = Debug|Any CPU
		{093B0ACD-6E18-4D91-81DD-8FB77667F2A6}.Release|Any CPU.ActiveCfg = Release|Any CPU
		{093B0ACD-6E18-4D91-81DD-8FB77667F2A6}.Release|Any CPU.Build.0 = Release|Any CPU
		{40A306FC-C56A-47B9-A77A-438DA91DEBD6}.Debug|Any CPU.ActiveCfg = Debug|Any CPU
		{40A306FC-C56A-47B9-A77A-438DA91DEBD6}.Debug|Any CPU.Build.0 = Debug|Any CPU
		{40A306FC-C56A-47B9-A77A-438DA91DEBD6}.Release|Any CPU.ActiveCfg = Release|Any CPU
		{40A306FC-C56A-47B9-A77A-438DA91DEBD6}.Release|Any CPU.Build.0 = Release|Any CPU
		{432D3FEE-807E-4B40-90F1-E93F3E9E3D65}.Debug|Any CPU.ActiveCfg = Debug|Any CPU
		{432D3FEE-807E-4B40-90F1-E93F3E9E3D65}.Debug|Any CPU.Build.0 = Debug|Any CPU
		{432D3FEE-807E-4B40-90F1-E93F3E9E3D65}.Release|Any CPU.ActiveCfg = Release|Any CPU
		{432D3FEE-807E-4B40-90F1-E93F3E9E3D65}.Release|Any CPU.Build.0 = Release|Any CPU
		{96E3B531-7A6A-4195-896C-6434767E6230}.Debug|Any CPU.ActiveCfg = Debug|Any CPU
		{96E3B531-7A6A-4195-896C-6434767E6230}.Debug|Any CPU.Build.0 = Debug|Any CPU
		{96E3B531-7A6A-4195-896C-6434767E6230}.Release|Any CPU.ActiveCfg = Release|Any CPU
		{96E3B531-7A6A-4195-896C-6434767E6230}.Release|Any CPU.Build.0 = Release|Any CPU
		{39E82702-273D-4F67-A700-CB08E5E7AE49}.Debug|Any CPU.ActiveCfg = Debug|Any CPU
		{39E82702-273D-4F67-A700-CB08E5E7AE49}.Debug|Any CPU.Build.0 = Debug|Any CPU
		{39E82702-273D-4F67-A700-CB08E5E7AE49}.Release|Any CPU.ActiveCfg = Release|Any CPU
		{39E82702-273D-4F67-A700-CB08E5E7AE49}.Release|Any CPU.Build.0 = Release|Any CPU
		{F88B1587-48D6-494C-B155-68CA2F7E4E1B}.Debug|Any CPU.ActiveCfg = Debug|Any CPU
		{F88B1587-48D6-494C-B155-68CA2F7E4E1B}.Debug|Any CPU.Build.0 = Debug|Any CPU
		{F88B1587-48D6-494C-B155-68CA2F7E4E1B}.Release|Any CPU.ActiveCfg = Release|Any CPU
		{F88B1587-48D6-494C-B155-68CA2F7E4E1B}.Release|Any CPU.Build.0 = Release|Any CPU
		{A3D645CF-A884-4EF6-B512-F63F1CCD51F2}.Debug|Any CPU.ActiveCfg = Debug|Any CPU
		{A3D645CF-A884-4EF6-B512-F63F1CCD51F2}.Debug|Any CPU.Build.0 = Debug|Any CPU
		{A3D645CF-A884-4EF6-B512-F63F1CCD51F2}.Release|Any CPU.ActiveCfg = Release|Any CPU
		{A3D645CF-A884-4EF6-B512-F63F1CCD51F2}.Release|Any CPU.Build.0 = Release|Any CPU
		{FE55E628-AB45-4550-9EBA-8BFCC998D474}.Debug|Any CPU.ActiveCfg = Debug|Any CPU
		{FE55E628-AB45-4550-9EBA-8BFCC998D474}.Debug|Any CPU.Build.0 = Debug|Any CPU
		{FE55E628-AB45-4550-9EBA-8BFCC998D474}.Release|Any CPU.ActiveCfg = Release|Any CPU
		{FE55E628-AB45-4550-9EBA-8BFCC998D474}.Release|Any CPU.Build.0 = Release|Any CPU
		{73FE8772-0FD3-467B-B1A3-EEF7C6018FCA}.Debug|Any CPU.ActiveCfg = Debug|Any CPU
		{73FE8772-0FD3-467B-B1A3-EEF7C6018FCA}.Debug|Any CPU.Build.0 = Debug|Any CPU
		{73FE8772-0FD3-467B-B1A3-EEF7C6018FCA}.Release|Any CPU.ActiveCfg = Release|Any CPU
		{73FE8772-0FD3-467B-B1A3-EEF7C6018FCA}.Release|Any CPU.Build.0 = Release|Any CPU
		{2D539C20-9B42-40F9-8698-07EED166E32D}.Debug|Any CPU.ActiveCfg = Debug|Any CPU
		{2D539C20-9B42-40F9-8698-07EED166E32D}.Debug|Any CPU.Build.0 = Debug|Any CPU
		{2D539C20-9B42-40F9-8698-07EED166E32D}.Release|Any CPU.ActiveCfg = Release|Any CPU
		{2D539C20-9B42-40F9-8698-07EED166E32D}.Release|Any CPU.Build.0 = Release|Any CPU
		{4C83E6B6-A4F1-4CE2-920E-D4FA971CDE2E}.Debug|Any CPU.ActiveCfg = Debug|Any CPU
		{4C83E6B6-A4F1-4CE2-920E-D4FA971CDE2E}.Debug|Any CPU.Build.0 = Debug|Any CPU
		{4C83E6B6-A4F1-4CE2-920E-D4FA971CDE2E}.Release|Any CPU.ActiveCfg = Release|Any CPU
		{4C83E6B6-A4F1-4CE2-920E-D4FA971CDE2E}.Release|Any CPU.Build.0 = Release|Any CPU
		{6A57FD9B-4700-40ED-ADDB-FDB2CF6CCD45}.Debug|Any CPU.ActiveCfg = Debug|Any CPU
		{6A57FD9B-4700-40ED-ADDB-FDB2CF6CCD45}.Debug|Any CPU.Build.0 = Debug|Any CPU
		{6A57FD9B-4700-40ED-ADDB-FDB2CF6CCD45}.Release|Any CPU.ActiveCfg = Release|Any CPU
		{6A57FD9B-4700-40ED-ADDB-FDB2CF6CCD45}.Release|Any CPU.Build.0 = Release|Any CPU
		{FA70A8D3-12FA-4BC1-AE88-4A19C7D2E719}.Debug|Any CPU.ActiveCfg = Debug|Any CPU
		{FA70A8D3-12FA-4BC1-AE88-4A19C7D2E719}.Debug|Any CPU.Build.0 = Debug|Any CPU
		{FA70A8D3-12FA-4BC1-AE88-4A19C7D2E719}.Release|Any CPU.ActiveCfg = Release|Any CPU
		{FA70A8D3-12FA-4BC1-AE88-4A19C7D2E719}.Release|Any CPU.Build.0 = Release|Any CPU
		{FFA56C7A-080D-4B3B-9DAF-7547BC7E5E9C}.Debug|Any CPU.ActiveCfg = Debug|Any CPU
		{FFA56C7A-080D-4B3B-9DAF-7547BC7E5E9C}.Debug|Any CPU.Build.0 = Debug|Any CPU
		{FFA56C7A-080D-4B3B-9DAF-7547BC7E5E9C}.Release|Any CPU.ActiveCfg = Release|Any CPU
		{FFA56C7A-080D-4B3B-9DAF-7547BC7E5E9C}.Release|Any CPU.Build.0 = Release|Any CPU
		{DC8E950E-95D0-44F6-BBCE-C7EF3742334A}.Debug|Any CPU.ActiveCfg = Debug|Any CPU
		{DC8E950E-95D0-44F6-BBCE-C7EF3742334A}.Debug|Any CPU.Build.0 = Debug|Any CPU
		{DC8E950E-95D0-44F6-BBCE-C7EF3742334A}.Release|Any CPU.ActiveCfg = Release|Any CPU
		{DC8E950E-95D0-44F6-BBCE-C7EF3742334A}.Release|Any CPU.Build.0 = Release|Any CPU
		{A7F476E9-36E0-49AF-A74C-7A26CD337F6F}.Debug|Any CPU.ActiveCfg = Debug|Any CPU
		{A7F476E9-36E0-49AF-A74C-7A26CD337F6F}.Debug|Any CPU.Build.0 = Debug|Any CPU
		{A7F476E9-36E0-49AF-A74C-7A26CD337F6F}.Release|Any CPU.ActiveCfg = Release|Any CPU
		{A7F476E9-36E0-49AF-A74C-7A26CD337F6F}.Release|Any CPU.Build.0 = Release|Any CPU
		{81102751-EB6C-44DD-BD0E-31110E02A56A}.Debug|Any CPU.ActiveCfg = Debug|Any CPU
		{81102751-EB6C-44DD-BD0E-31110E02A56A}.Debug|Any CPU.Build.0 = Debug|Any CPU
		{81102751-EB6C-44DD-BD0E-31110E02A56A}.Release|Any CPU.ActiveCfg = Release|Any CPU
		{81102751-EB6C-44DD-BD0E-31110E02A56A}.Release|Any CPU.Build.0 = Release|Any CPU
		{B33B055E-8134-43C0-82CE-357F2D1F4D3D}.Debug|Any CPU.ActiveCfg = Debug|Any CPU
		{B33B055E-8134-43C0-82CE-357F2D1F4D3D}.Debug|Any CPU.Build.0 = Debug|Any CPU
		{B33B055E-8134-43C0-82CE-357F2D1F4D3D}.Release|Any CPU.ActiveCfg = Release|Any CPU
		{B33B055E-8134-43C0-82CE-357F2D1F4D3D}.Release|Any CPU.Build.0 = Release|Any CPU
		{DECA375D-DA4B-4E59-A97A-102F5AC148EC}.Debug|Any CPU.ActiveCfg = Debug|Any CPU
		{DECA375D-DA4B-4E59-A97A-102F5AC148EC}.Debug|Any CPU.Build.0 = Debug|Any CPU
		{DECA375D-DA4B-4E59-A97A-102F5AC148EC}.Release|Any CPU.ActiveCfg = Release|Any CPU
		{DECA375D-DA4B-4E59-A97A-102F5AC148EC}.Release|Any CPU.Build.0 = Release|Any CPU
		{40A36D95-4BB7-4E52-8116-2EBF3681B42A}.Debug|Any CPU.ActiveCfg = Debug|Any CPU
		{40A36D95-4BB7-4E52-8116-2EBF3681B42A}.Debug|Any CPU.Build.0 = Debug|Any CPU
		{40A36D95-4BB7-4E52-8116-2EBF3681B42A}.Release|Any CPU.ActiveCfg = Release|Any CPU
		{40A36D95-4BB7-4E52-8116-2EBF3681B42A}.Release|Any CPU.Build.0 = Release|Any CPU
		{AB72E1F5-BCE7-4FCB-985B-7D6C36156063}.Debug|Any CPU.ActiveCfg = Debug|Any CPU
		{AB72E1F5-BCE7-4FCB-985B-7D6C36156063}.Debug|Any CPU.Build.0 = Debug|Any CPU
		{AB72E1F5-BCE7-4FCB-985B-7D6C36156063}.Release|Any CPU.ActiveCfg = Release|Any CPU
		{AB72E1F5-BCE7-4FCB-985B-7D6C36156063}.Release|Any CPU.Build.0 = Release|Any CPU
		{C12F799F-A199-4571-8B26-1227C4DF1B42}.Debug|Any CPU.ActiveCfg = Debug|Any CPU
		{C12F799F-A199-4571-8B26-1227C4DF1B42}.Debug|Any CPU.Build.0 = Debug|Any CPU
		{C12F799F-A199-4571-8B26-1227C4DF1B42}.Release|Any CPU.ActiveCfg = Release|Any CPU
		{C12F799F-A199-4571-8B26-1227C4DF1B42}.Release|Any CPU.Build.0 = Release|Any CPU
		{9FE9F024-3CFC-4C75-939E-9DDC3EA2EE97}.Debug|Any CPU.ActiveCfg = Debug|Any CPU
		{9FE9F024-3CFC-4C75-939E-9DDC3EA2EE97}.Debug|Any CPU.Build.0 = Debug|Any CPU
		{9FE9F024-3CFC-4C75-939E-9DDC3EA2EE97}.Release|Any CPU.ActiveCfg = Release|Any CPU
		{9FE9F024-3CFC-4C75-939E-9DDC3EA2EE97}.Release|Any CPU.Build.0 = Release|Any CPU
		{AAD6ED9C-1C7F-412B-BE5B-A4331FFC4845}.Debug|Any CPU.ActiveCfg = Debug|Any CPU
		{AAD6ED9C-1C7F-412B-BE5B-A4331FFC4845}.Debug|Any CPU.Build.0 = Debug|Any CPU
		{AAD6ED9C-1C7F-412B-BE5B-A4331FFC4845}.Release|Any CPU.ActiveCfg = Release|Any CPU
		{AAD6ED9C-1C7F-412B-BE5B-A4331FFC4845}.Release|Any CPU.Build.0 = Release|Any CPU
		{17580A43-A580-4D54-B84F-306B014C1DD6}.Debug|Any CPU.ActiveCfg = Debug|Any CPU
		{17580A43-A580-4D54-B84F-306B014C1DD6}.Debug|Any CPU.Build.0 = Debug|Any CPU
		{17580A43-A580-4D54-B84F-306B014C1DD6}.Release|Any CPU.ActiveCfg = Release|Any CPU
		{17580A43-A580-4D54-B84F-306B014C1DD6}.Release|Any CPU.Build.0 = Release|Any CPU
		{4192280A-FAA4-4F22-8684-DB52A3171B37}.Debug|Any CPU.ActiveCfg = Debug|Any CPU
		{4192280A-FAA4-4F22-8684-DB52A3171B37}.Debug|Any CPU.Build.0 = Debug|Any CPU
		{4192280A-FAA4-4F22-8684-DB52A3171B37}.Release|Any CPU.ActiveCfg = Release|Any CPU
		{4192280A-FAA4-4F22-8684-DB52A3171B37}.Release|Any CPU.Build.0 = Release|Any CPU
		{E208CB15-30DC-4A28-ACF4-926CCDF9C94D}.Debug|Any CPU.ActiveCfg = Debug|Any CPU
		{E208CB15-30DC-4A28-ACF4-926CCDF9C94D}.Debug|Any CPU.Build.0 = Debug|Any CPU
		{E208CB15-30DC-4A28-ACF4-926CCDF9C94D}.Release|Any CPU.ActiveCfg = Release|Any CPU
		{E208CB15-30DC-4A28-ACF4-926CCDF9C94D}.Release|Any CPU.Build.0 = Release|Any CPU
		{078CCCEE-289A-46E8-8456-F20AB3E93112}.Debug|Any CPU.ActiveCfg = Debug|Any CPU
		{078CCCEE-289A-46E8-8456-F20AB3E93112}.Debug|Any CPU.Build.0 = Debug|Any CPU
		{078CCCEE-289A-46E8-8456-F20AB3E93112}.Release|Any CPU.ActiveCfg = Release|Any CPU
		{078CCCEE-289A-46E8-8456-F20AB3E93112}.Release|Any CPU.Build.0 = Release|Any CPU
		{3271B87E-85C6-4F65-905A-2E25F80BB645}.Debug|Any CPU.ActiveCfg = Debug|Any CPU
		{3271B87E-85C6-4F65-905A-2E25F80BB645}.Debug|Any CPU.Build.0 = Debug|Any CPU
		{3271B87E-85C6-4F65-905A-2E25F80BB645}.Release|Any CPU.ActiveCfg = Release|Any CPU
		{3271B87E-85C6-4F65-905A-2E25F80BB645}.Release|Any CPU.Build.0 = Release|Any CPU
		{1AAA1619-7FF4-44D1-835C-5E207F5BB61F}.Debug|Any CPU.ActiveCfg = Debug|Any CPU
		{1AAA1619-7FF4-44D1-835C-5E207F5BB61F}.Debug|Any CPU.Build.0 = Debug|Any CPU
		{1AAA1619-7FF4-44D1-835C-5E207F5BB61F}.Release|Any CPU.ActiveCfg = Release|Any CPU
		{1AAA1619-7FF4-44D1-835C-5E207F5BB61F}.Release|Any CPU.Build.0 = Release|Any CPU
		{D8055BFC-E2FC-465D-9084-38CD007AC964}.Debug|Any CPU.ActiveCfg = Debug|Any CPU
		{D8055BFC-E2FC-465D-9084-38CD007AC964}.Debug|Any CPU.Build.0 = Debug|Any CPU
		{D8055BFC-E2FC-465D-9084-38CD007AC964}.Release|Any CPU.ActiveCfg = Release|Any CPU
		{D8055BFC-E2FC-465D-9084-38CD007AC964}.Release|Any CPU.Build.0 = Release|Any CPU
		{E7AE00D4-A800-43B4-A014-8A05B6A503DE}.Debug|Any CPU.ActiveCfg = Debug|Any CPU
		{E7AE00D4-A800-43B4-A014-8A05B6A503DE}.Debug|Any CPU.Build.0 = Debug|Any CPU
		{E7AE00D4-A800-43B4-A014-8A05B6A503DE}.Release|Any CPU.ActiveCfg = Release|Any CPU
		{E7AE00D4-A800-43B4-A014-8A05B6A503DE}.Release|Any CPU.Build.0 = Release|Any CPU
		{211A5D6E-C1E6-499B-86C0-A7CD1AABFF72}.Debug|Any CPU.ActiveCfg = Debug|Any CPU
		{211A5D6E-C1E6-499B-86C0-A7CD1AABFF72}.Debug|Any CPU.Build.0 = Debug|Any CPU
		{211A5D6E-C1E6-499B-86C0-A7CD1AABFF72}.Release|Any CPU.ActiveCfg = Release|Any CPU
		{211A5D6E-C1E6-499B-86C0-A7CD1AABFF72}.Release|Any CPU.Build.0 = Release|Any CPU
		{D2A96957-BF25-4990-A074-18C9CD8568C7}.Debug|Any CPU.ActiveCfg = Debug|Any CPU
		{D2A96957-BF25-4990-A074-18C9CD8568C7}.Debug|Any CPU.Build.0 = Debug|Any CPU
		{D2A96957-BF25-4990-A074-18C9CD8568C7}.Release|Any CPU.ActiveCfg = Release|Any CPU
		{D2A96957-BF25-4990-A074-18C9CD8568C7}.Release|Any CPU.Build.0 = Release|Any CPU
		{5300162F-8403-444E-8DE7-4F39C82B673F}.Debug|Any CPU.ActiveCfg = Debug|Any CPU
		{5300162F-8403-444E-8DE7-4F39C82B673F}.Debug|Any CPU.Build.0 = Debug|Any CPU
		{5300162F-8403-444E-8DE7-4F39C82B673F}.Release|Any CPU.ActiveCfg = Release|Any CPU
		{5300162F-8403-444E-8DE7-4F39C82B673F}.Release|Any CPU.Build.0 = Release|Any CPU
		{D2D0043A-8951-486E-8C20-28A5A1A442FA}.Debug|Any CPU.ActiveCfg = Debug|Any CPU
		{D2D0043A-8951-486E-8C20-28A5A1A442FA}.Debug|Any CPU.Build.0 = Debug|Any CPU
		{D2D0043A-8951-486E-8C20-28A5A1A442FA}.Release|Any CPU.ActiveCfg = Release|Any CPU
		{D2D0043A-8951-486E-8C20-28A5A1A442FA}.Release|Any CPU.Build.0 = Release|Any CPU
		{830AC8BD-A8D3-40FA-AF45-47A22451140D}.Debug|Any CPU.ActiveCfg = Debug|Any CPU
		{830AC8BD-A8D3-40FA-AF45-47A22451140D}.Debug|Any CPU.Build.0 = Debug|Any CPU
		{830AC8BD-A8D3-40FA-AF45-47A22451140D}.Release|Any CPU.ActiveCfg = Release|Any CPU
		{830AC8BD-A8D3-40FA-AF45-47A22451140D}.Release|Any CPU.Build.0 = Release|Any CPU
		{34E2E839-7D59-434A-B67A-B68F4A563AF3}.Debug|Any CPU.ActiveCfg = Debug|Any CPU
		{34E2E839-7D59-434A-B67A-B68F4A563AF3}.Debug|Any CPU.Build.0 = Debug|Any CPU
		{34E2E839-7D59-434A-B67A-B68F4A563AF3}.Release|Any CPU.ActiveCfg = Release|Any CPU
		{34E2E839-7D59-434A-B67A-B68F4A563AF3}.Release|Any CPU.Build.0 = Release|Any CPU
		{4CEB32A2-DC18-44EC-9144-96E8F4DC6AB4}.Debug|Any CPU.ActiveCfg = Debug|Any CPU
		{4CEB32A2-DC18-44EC-9144-96E8F4DC6AB4}.Debug|Any CPU.Build.0 = Debug|Any CPU
		{4CEB32A2-DC18-44EC-9144-96E8F4DC6AB4}.Release|Any CPU.ActiveCfg = Release|Any CPU
		{4CEB32A2-DC18-44EC-9144-96E8F4DC6AB4}.Release|Any CPU.Build.0 = Release|Any CPU
		{DA77F804-5BD7-4611-BB49-90C07BC5AD39}.Debug|Any CPU.ActiveCfg = Debug|Any CPU
		{DA77F804-5BD7-4611-BB49-90C07BC5AD39}.Debug|Any CPU.Build.0 = Debug|Any CPU
		{DA77F804-5BD7-4611-BB49-90C07BC5AD39}.Release|Any CPU.ActiveCfg = Release|Any CPU
		{DA77F804-5BD7-4611-BB49-90C07BC5AD39}.Release|Any CPU.Build.0 = Release|Any CPU
		{0B42E547-F404-47F5-9A97-D93E956DB5BF}.Debug|Any CPU.ActiveCfg = Debug|Any CPU
		{0B42E547-F404-47F5-9A97-D93E956DB5BF}.Debug|Any CPU.Build.0 = Debug|Any CPU
		{0B42E547-F404-47F5-9A97-D93E956DB5BF}.Release|Any CPU.ActiveCfg = Release|Any CPU
		{0B42E547-F404-47F5-9A97-D93E956DB5BF}.Release|Any CPU.Build.0 = Release|Any CPU
		{7A2AC537-DFD4-4D82-836F-760F0E91FB55}.Debug|Any CPU.ActiveCfg = Debug|Any CPU
		{7A2AC537-DFD4-4D82-836F-760F0E91FB55}.Debug|Any CPU.Build.0 = Debug|Any CPU
		{7A2AC537-DFD4-4D82-836F-760F0E91FB55}.Release|Any CPU.ActiveCfg = Release|Any CPU
		{7A2AC537-DFD4-4D82-836F-760F0E91FB55}.Release|Any CPU.Build.0 = Release|Any CPU
		{27EDF7E4-A651-4052-8D8A-6A445659B1A7}.Debug|Any CPU.ActiveCfg = Debug|Any CPU
		{27EDF7E4-A651-4052-8D8A-6A445659B1A7}.Debug|Any CPU.Build.0 = Debug|Any CPU
		{27EDF7E4-A651-4052-8D8A-6A445659B1A7}.Release|Any CPU.ActiveCfg = Release|Any CPU
		{27EDF7E4-A651-4052-8D8A-6A445659B1A7}.Release|Any CPU.Build.0 = Release|Any CPU
		{0D7E3F31-1581-4D6C-9C0A-8B7DD2A9283C}.Debug|Any CPU.ActiveCfg = Debug|Any CPU
		{0D7E3F31-1581-4D6C-9C0A-8B7DD2A9283C}.Debug|Any CPU.Build.0 = Debug|Any CPU
		{0D7E3F31-1581-4D6C-9C0A-8B7DD2A9283C}.Release|Any CPU.ActiveCfg = Release|Any CPU
		{0D7E3F31-1581-4D6C-9C0A-8B7DD2A9283C}.Release|Any CPU.Build.0 = Release|Any CPU
		{16C47443-52F1-4CF5-84A0-95EC8E0E16B9}.Debug|Any CPU.ActiveCfg = Debug|Any CPU
		{16C47443-52F1-4CF5-84A0-95EC8E0E16B9}.Debug|Any CPU.Build.0 = Debug|Any CPU
		{16C47443-52F1-4CF5-84A0-95EC8E0E16B9}.Release|Any CPU.ActiveCfg = Release|Any CPU
		{16C47443-52F1-4CF5-84A0-95EC8E0E16B9}.Release|Any CPU.Build.0 = Release|Any CPU
		{22B45A1F-FA8F-4671-9635-3A988414E2AA}.Debug|Any CPU.ActiveCfg = Debug|Any CPU
		{22B45A1F-FA8F-4671-9635-3A988414E2AA}.Debug|Any CPU.Build.0 = Debug|Any CPU
		{22B45A1F-FA8F-4671-9635-3A988414E2AA}.Release|Any CPU.ActiveCfg = Release|Any CPU
		{22B45A1F-FA8F-4671-9635-3A988414E2AA}.Release|Any CPU.Build.0 = Release|Any CPU
		{D21476A2-F378-4278-93FA-ED6E13B3D840}.Debug|Any CPU.ActiveCfg = Debug|Any CPU
		{D21476A2-F378-4278-93FA-ED6E13B3D840}.Debug|Any CPU.Build.0 = Debug|Any CPU
		{D21476A2-F378-4278-93FA-ED6E13B3D840}.Release|Any CPU.ActiveCfg = Release|Any CPU
		{D21476A2-F378-4278-93FA-ED6E13B3D840}.Release|Any CPU.Build.0 = Release|Any CPU
		{1E5F7ECD-4611-456D-964A-6CA4FE9A58D6}.Debug|Any CPU.ActiveCfg = Debug|Any CPU
		{1E5F7ECD-4611-456D-964A-6CA4FE9A58D6}.Debug|Any CPU.Build.0 = Debug|Any CPU
		{1E5F7ECD-4611-456D-964A-6CA4FE9A58D6}.Release|Any CPU.ActiveCfg = Release|Any CPU
		{1E5F7ECD-4611-456D-964A-6CA4FE9A58D6}.Release|Any CPU.Build.0 = Release|Any CPU
		{A38B0C76-C432-40C4-9D8C-B946A1A2925A}.Debug|Any CPU.ActiveCfg = Debug|Any CPU
		{A38B0C76-C432-40C4-9D8C-B946A1A2925A}.Debug|Any CPU.Build.0 = Debug|Any CPU
		{A38B0C76-C432-40C4-9D8C-B946A1A2925A}.Release|Any CPU.ActiveCfg = Release|Any CPU
		{A38B0C76-C432-40C4-9D8C-B946A1A2925A}.Release|Any CPU.Build.0 = Release|Any CPU
		{A3D82C39-54DF-4E42-A297-7A2B9C37490F}.Debug|Any CPU.ActiveCfg = Debug|Any CPU
		{A3D82C39-54DF-4E42-A297-7A2B9C37490F}.Debug|Any CPU.Build.0 = Debug|Any CPU
		{A3D82C39-54DF-4E42-A297-7A2B9C37490F}.Release|Any CPU.ActiveCfg = Release|Any CPU
		{A3D82C39-54DF-4E42-A297-7A2B9C37490F}.Release|Any CPU.Build.0 = Release|Any CPU
		{9E1D8BF1-EAA3-4B1C-93DF-982B5952CE73}.Debug|Any CPU.ActiveCfg = Debug|Any CPU
		{9E1D8BF1-EAA3-4B1C-93DF-982B5952CE73}.Debug|Any CPU.Build.0 = Debug|Any CPU
		{9E1D8BF1-EAA3-4B1C-93DF-982B5952CE73}.Release|Any CPU.ActiveCfg = Release|Any CPU
		{9E1D8BF1-EAA3-4B1C-93DF-982B5952CE73}.Release|Any CPU.Build.0 = Release|Any CPU
		{9BA6B78D-1924-483D-B7B6-444FD9C61EA5}.Debug|Any CPU.ActiveCfg = Debug|Any CPU
		{9BA6B78D-1924-483D-B7B6-444FD9C61EA5}.Debug|Any CPU.Build.0 = Debug|Any CPU
		{9BA6B78D-1924-483D-B7B6-444FD9C61EA5}.Release|Any CPU.ActiveCfg = Release|Any CPU
		{9BA6B78D-1924-483D-B7B6-444FD9C61EA5}.Release|Any CPU.Build.0 = Release|Any CPU
		{67F0F5B9-2892-4751-9028-F2B6CC139928}.Debug|Any CPU.ActiveCfg = Debug|Any CPU
		{67F0F5B9-2892-4751-9028-F2B6CC139928}.Debug|Any CPU.Build.0 = Debug|Any CPU
		{67F0F5B9-2892-4751-9028-F2B6CC139928}.Release|Any CPU.ActiveCfg = Release|Any CPU
		{67F0F5B9-2892-4751-9028-F2B6CC139928}.Release|Any CPU.Build.0 = Release|Any CPU
		{C5AE7890-B0C5-4805-927A-D212C7F26C98}.Debug|Any CPU.ActiveCfg = Debug|Any CPU
		{C5AE7890-B0C5-4805-927A-D212C7F26C98}.Debug|Any CPU.Build.0 = Debug|Any CPU
		{C5AE7890-B0C5-4805-927A-D212C7F26C98}.Release|Any CPU.ActiveCfg = Release|Any CPU
		{C5AE7890-B0C5-4805-927A-D212C7F26C98}.Release|Any CPU.Build.0 = Release|Any CPU
		{21F6BF28-1527-4CAC-981B-7B090A749EF8}.Debug|Any CPU.ActiveCfg = Debug|Any CPU
		{21F6BF28-1527-4CAC-981B-7B090A749EF8}.Debug|Any CPU.Build.0 = Debug|Any CPU
		{21F6BF28-1527-4CAC-981B-7B090A749EF8}.Release|Any CPU.ActiveCfg = Release|Any CPU
		{21F6BF28-1527-4CAC-981B-7B090A749EF8}.Release|Any CPU.Build.0 = Release|Any CPU
		{AFE81802-96E2-4022-A068-07CB66940BF7}.Debug|Any CPU.ActiveCfg = Debug|Any CPU
		{AFE81802-96E2-4022-A068-07CB66940BF7}.Debug|Any CPU.Build.0 = Debug|Any CPU
		{AFE81802-96E2-4022-A068-07CB66940BF7}.Release|Any CPU.ActiveCfg = Release|Any CPU
		{AFE81802-96E2-4022-A068-07CB66940BF7}.Release|Any CPU.Build.0 = Release|Any CPU
		{756B1052-E7FE-4B0E-B4DB-9EC609812A21}.Debug|Any CPU.ActiveCfg = Debug|Any CPU
		{756B1052-E7FE-4B0E-B4DB-9EC609812A21}.Debug|Any CPU.Build.0 = Debug|Any CPU
		{756B1052-E7FE-4B0E-B4DB-9EC609812A21}.Release|Any CPU.ActiveCfg = Release|Any CPU
		{756B1052-E7FE-4B0E-B4DB-9EC609812A21}.Release|Any CPU.Build.0 = Release|Any CPU
		{040C760E-52B7-44B7-8155-2B97B266DEFC}.Debug|Any CPU.ActiveCfg = Debug|Any CPU
		{040C760E-52B7-44B7-8155-2B97B266DEFC}.Debug|Any CPU.Build.0 = Debug|Any CPU
		{040C760E-52B7-44B7-8155-2B97B266DEFC}.Release|Any CPU.ActiveCfg = Release|Any CPU
		{040C760E-52B7-44B7-8155-2B97B266DEFC}.Release|Any CPU.Build.0 = Release|Any CPU
		{E7A24E09-2BA6-4A4B-A881-FCC89E2879CC}.Debug|Any CPU.ActiveCfg = Debug|Any CPU
		{E7A24E09-2BA6-4A4B-A881-FCC89E2879CC}.Debug|Any CPU.Build.0 = Debug|Any CPU
		{E7A24E09-2BA6-4A4B-A881-FCC89E2879CC}.Release|Any CPU.ActiveCfg = Release|Any CPU
		{E7A24E09-2BA6-4A4B-A881-FCC89E2879CC}.Release|Any CPU.Build.0 = Release|Any CPU
		{21E24FD0-4702-4EFB-AA13-2B14567838A7}.Debug|Any CPU.ActiveCfg = Debug|Any CPU
		{21E24FD0-4702-4EFB-AA13-2B14567838A7}.Debug|Any CPU.Build.0 = Debug|Any CPU
		{21E24FD0-4702-4EFB-AA13-2B14567838A7}.Release|Any CPU.ActiveCfg = Release|Any CPU
		{21E24FD0-4702-4EFB-AA13-2B14567838A7}.Release|Any CPU.Build.0 = Release|Any CPU
		{DD9A49A4-0000-450D-B3A7-C460DA33B121}.Debug|Any CPU.ActiveCfg = Debug|Any CPU
		{DD9A49A4-0000-450D-B3A7-C460DA33B121}.Debug|Any CPU.Build.0 = Debug|Any CPU
		{DD9A49A4-0000-450D-B3A7-C460DA33B121}.Release|Any CPU.ActiveCfg = Release|Any CPU
		{DD9A49A4-0000-450D-B3A7-C460DA33B121}.Release|Any CPU.Build.0 = Release|Any CPU
		{70497565-3102-4DA8-98D2-02FA459D46DB}.Debug|Any CPU.ActiveCfg = Debug|Any CPU
		{70497565-3102-4DA8-98D2-02FA459D46DB}.Debug|Any CPU.Build.0 = Debug|Any CPU
		{70497565-3102-4DA8-98D2-02FA459D46DB}.Release|Any CPU.ActiveCfg = Release|Any CPU
		{70497565-3102-4DA8-98D2-02FA459D46DB}.Release|Any CPU.Build.0 = Release|Any CPU
		{987689D7-DDFE-4B02-B757-66FEB4564036}.Debug|Any CPU.ActiveCfg = Debug|Any CPU
		{987689D7-DDFE-4B02-B757-66FEB4564036}.Debug|Any CPU.Build.0 = Debug|Any CPU
		{987689D7-DDFE-4B02-B757-66FEB4564036}.Release|Any CPU.ActiveCfg = Release|Any CPU
		{987689D7-DDFE-4B02-B757-66FEB4564036}.Release|Any CPU.Build.0 = Release|Any CPU
		{690FF96F-A2D0-42D7-8A43-8CB399880EBB}.Debug|Any CPU.ActiveCfg = Debug|Any CPU
		{690FF96F-A2D0-42D7-8A43-8CB399880EBB}.Debug|Any CPU.Build.0 = Debug|Any CPU
		{690FF96F-A2D0-42D7-8A43-8CB399880EBB}.Release|Any CPU.ActiveCfg = Release|Any CPU
		{690FF96F-A2D0-42D7-8A43-8CB399880EBB}.Release|Any CPU.Build.0 = Release|Any CPU
		{F0623E8E-26E8-4DA6-B7BE-A4DE91FD2452}.Debug|Any CPU.ActiveCfg = Debug|Any CPU
		{F0623E8E-26E8-4DA6-B7BE-A4DE91FD2452}.Debug|Any CPU.Build.0 = Debug|Any CPU
		{F0623E8E-26E8-4DA6-B7BE-A4DE91FD2452}.Release|Any CPU.ActiveCfg = Release|Any CPU
		{F0623E8E-26E8-4DA6-B7BE-A4DE91FD2452}.Release|Any CPU.Build.0 = Release|Any CPU
		{E071E4E7-8286-41DC-9E1A-C52E18E711AE}.Debug|Any CPU.ActiveCfg = Debug|Any CPU
		{E071E4E7-8286-41DC-9E1A-C52E18E711AE}.Debug|Any CPU.Build.0 = Debug|Any CPU
		{E071E4E7-8286-41DC-9E1A-C52E18E711AE}.Release|Any CPU.ActiveCfg = Release|Any CPU
		{E071E4E7-8286-41DC-9E1A-C52E18E711AE}.Release|Any CPU.Build.0 = Release|Any CPU
		{BC20F7B6-9D7D-4F4E-8F8B-E253CB27F5B6}.Debug|Any CPU.ActiveCfg = Debug|Any CPU
		{BC20F7B6-9D7D-4F4E-8F8B-E253CB27F5B6}.Debug|Any CPU.Build.0 = Debug|Any CPU
		{BC20F7B6-9D7D-4F4E-8F8B-E253CB27F5B6}.Release|Any CPU.ActiveCfg = Release|Any CPU
		{BC20F7B6-9D7D-4F4E-8F8B-E253CB27F5B6}.Release|Any CPU.Build.0 = Release|Any CPU
		{D60344F2-689F-4FFD-8CE8-1464FFD94724}.Debug|Any CPU.ActiveCfg = Debug|Any CPU
		{D60344F2-689F-4FFD-8CE8-1464FFD94724}.Debug|Any CPU.Build.0 = Debug|Any CPU
		{D60344F2-689F-4FFD-8CE8-1464FFD94724}.Release|Any CPU.ActiveCfg = Release|Any CPU
		{D60344F2-689F-4FFD-8CE8-1464FFD94724}.Release|Any CPU.Build.0 = Release|Any CPU
		{FBB59BA1-4684-4590-A4B8-7F92B9D3DE9E}.Debug|Any CPU.ActiveCfg = Debug|Any CPU
		{FBB59BA1-4684-4590-A4B8-7F92B9D3DE9E}.Debug|Any CPU.Build.0 = Debug|Any CPU
		{FBB59BA1-4684-4590-A4B8-7F92B9D3DE9E}.Release|Any CPU.ActiveCfg = Release|Any CPU
		{FBB59BA1-4684-4590-A4B8-7F92B9D3DE9E}.Release|Any CPU.Build.0 = Release|Any CPU
		{8DED41B2-A02C-4E14-91AA-9B790B905564}.Debug|Any CPU.ActiveCfg = Debug|Any CPU
		{8DED41B2-A02C-4E14-91AA-9B790B905564}.Debug|Any CPU.Build.0 = Debug|Any CPU
		{8DED41B2-A02C-4E14-91AA-9B790B905564}.Release|Any CPU.ActiveCfg = Release|Any CPU
		{8DED41B2-A02C-4E14-91AA-9B790B905564}.Release|Any CPU.Build.0 = Release|Any CPU
		{A31469B4-08A4-439B-AD40-0EA6533637C6}.Debug|Any CPU.ActiveCfg = Debug|Any CPU
		{A31469B4-08A4-439B-AD40-0EA6533637C6}.Debug|Any CPU.Build.0 = Debug|Any CPU
		{A31469B4-08A4-439B-AD40-0EA6533637C6}.Release|Any CPU.ActiveCfg = Release|Any CPU
		{A31469B4-08A4-439B-AD40-0EA6533637C6}.Release|Any CPU.Build.0 = Release|Any CPU
	EndGlobalSection
	GlobalSection(SolutionProperties) = preSolution
		HideSolutionNode = FALSE
	EndGlobalSection
	GlobalSection(NestedProjects) = preSolution
		{332C415D-ECFB-4DCC-8E1C-74E2B2EF3183} = {CD0AF8F6-C30D-4045-BD67-10B5E0FED989}
		{1A7CA697-2274-4DCC-A20D-A039DA96EE80} = {CD0AF8F6-C30D-4045-BD67-10B5E0FED989}
		{50E329C3-D791-40A8-93A5-1B3753F1DE7A} = {CD0AF8F6-C30D-4045-BD67-10B5E0FED989}
		{41D0A601-F49E-4BAA-890C-3902A26225F5} = {CD0AF8F6-C30D-4045-BD67-10B5E0FED989}
		{395A6343-4B36-4576-9E88-8D931B53E23E} = {CD0AF8F6-C30D-4045-BD67-10B5E0FED989}
		{351734AA-81CF-4373-A442-7AD2C3E1B38B} = {CD0AF8F6-C30D-4045-BD67-10B5E0FED989}
		{D21837B3-36F6-4D10-AF89-049082025CFA} = {CD0AF8F6-C30D-4045-BD67-10B5E0FED989}
		{4F801716-4473-4BE3-831F-2ECF2141D8BE} = {CD0AF8F6-C30D-4045-BD67-10B5E0FED989}
		{E34A598E-476E-4DED-BFB5-C84E2E7E338E} = {CD0AF8F6-C30D-4045-BD67-10B5E0FED989}
		{213EA40C-3196-463C-87EB-87D633E859F1} = {CD0AF8F6-C30D-4045-BD67-10B5E0FED989}
		{0C63F13A-358D-4841-9CA5-51C6016AC09E} = {CD0AF8F6-C30D-4045-BD67-10B5E0FED989}
		{D0A4A420-73D8-4BD8-B06A-394A37E57B28} = {CD0AF8F6-C30D-4045-BD67-10B5E0FED989}
		{DD14BE63-D2E5-4ABF-A414-B9935D35E096} = {CD0AF8F6-C30D-4045-BD67-10B5E0FED989}
		{BCA4A643-6F66-4AA0-8377-2CDC638539F1} = {CD0AF8F6-C30D-4045-BD67-10B5E0FED989}
		{F71693AC-B249-449C-94E6-452CA8CD564C} = {CD0AF8F6-C30D-4045-BD67-10B5E0FED989}
		{105E3A8D-8974-401E-9672-E5B7B937E1C6} = {CD0AF8F6-C30D-4045-BD67-10B5E0FED989}
		{E9D7F542-4CA0-4BE5-ACFA-55A99FAFA732} = {CD0AF8F6-C30D-4045-BD67-10B5E0FED989}
		{16575D11-7B02-4FB5-8EAD-7239AA82B705} = {CD0AF8F6-C30D-4045-BD67-10B5E0FED989}
		{5ABA8679-08DA-4341-BC6A-3BDC77009692} = {CD0AF8F6-C30D-4045-BD67-10B5E0FED989}
		{4323E291-D929-4ECE-83E0-4671AA132718} = {CD0AF8F6-C30D-4045-BD67-10B5E0FED989}
		{83B6A860-35A8-4FC4-83F8-2AAEE8DD89C0} = {CD0AF8F6-C30D-4045-BD67-10B5E0FED989}
		{AB8F97B3-4146-4C72-A341-5D5C383ADD28} = {CD0AF8F6-C30D-4045-BD67-10B5E0FED989}
		{888C5B76-F1B4-43DA-B88D-77D58A1CF31F} = {CD0AF8F6-C30D-4045-BD67-10B5E0FED989}
		{04A6D222-A9F0-465F-8CFE-95537B1767E7} = {CD0AF8F6-C30D-4045-BD67-10B5E0FED989}
		{765935CC-68A6-49E2-A838-B6291D286068} = {CD0AF8F6-C30D-4045-BD67-10B5E0FED989}
		{D5B50847-ABDF-4A4F-9E0A-68FE720AF822} = {CD0AF8F6-C30D-4045-BD67-10B5E0FED989}
		{093B0ACD-6E18-4D91-81DD-8FB77667F2A6} = {36D591C7-65C7-A0D1-1CBC-10CDE441BDC8}
		{40A306FC-C56A-47B9-A77A-438DA91DEBD6} = {36D591C7-65C7-A0D1-1CBC-10CDE441BDC8}
		{432D3FEE-807E-4B40-90F1-E93F3E9E3D65} = {36D591C7-65C7-A0D1-1CBC-10CDE441BDC8}
		{96E3B531-7A6A-4195-896C-6434767E6230} = {36D591C7-65C7-A0D1-1CBC-10CDE441BDC8}
		{39E82702-273D-4F67-A700-CB08E5E7AE49} = {36D591C7-65C7-A0D1-1CBC-10CDE441BDC8}
		{F88B1587-48D6-494C-B155-68CA2F7E4E1B} = {36D591C7-65C7-A0D1-1CBC-10CDE441BDC8}
		{A3D645CF-A884-4EF6-B512-F63F1CCD51F2} = {36D591C7-65C7-A0D1-1CBC-10CDE441BDC8}
		{FE55E628-AB45-4550-9EBA-8BFCC998D474} = {36D591C7-65C7-A0D1-1CBC-10CDE441BDC8}
		{73FE8772-0FD3-467B-B1A3-EEF7C6018FCA} = {36D591C7-65C7-A0D1-1CBC-10CDE441BDC8}
		{2D539C20-9B42-40F9-8698-07EED166E32D} = {36D591C7-65C7-A0D1-1CBC-10CDE441BDC8}
		{4C83E6B6-A4F1-4CE2-920E-D4FA971CDE2E} = {36D591C7-65C7-A0D1-1CBC-10CDE441BDC8}
		{6A57FD9B-4700-40ED-ADDB-FDB2CF6CCD45} = {36D591C7-65C7-A0D1-1CBC-10CDE441BDC8}
		{FA70A8D3-12FA-4BC1-AE88-4A19C7D2E719} = {36D591C7-65C7-A0D1-1CBC-10CDE441BDC8}
		{FFA56C7A-080D-4B3B-9DAF-7547BC7E5E9C} = {36D591C7-65C7-A0D1-1CBC-10CDE441BDC8}
		{DC8E950E-95D0-44F6-BBCE-C7EF3742334A} = {36D591C7-65C7-A0D1-1CBC-10CDE441BDC8}
		{A7F476E9-36E0-49AF-A74C-7A26CD337F6F} = {36D591C7-65C7-A0D1-1CBC-10CDE441BDC8}
		{81102751-EB6C-44DD-BD0E-31110E02A56A} = {36D591C7-65C7-A0D1-1CBC-10CDE441BDC8}
		{B33B055E-8134-43C0-82CE-357F2D1F4D3D} = {36D591C7-65C7-A0D1-1CBC-10CDE441BDC8}
		{DECA375D-DA4B-4E59-A97A-102F5AC148EC} = {4E857589-9D52-4411-9772-0A1B6DCEA76A}
		{40A36D95-4BB7-4E52-8116-2EBF3681B42A} = {B1B7239F-3E18-4435-959A-9B11DDEB0E8E}
		{AB72E1F5-BCE7-4FCB-985B-7D6C36156063} = {B1B7239F-3E18-4435-959A-9B11DDEB0E8E}
		{C12F799F-A199-4571-8B26-1227C4DF1B42} = {B1B7239F-3E18-4435-959A-9B11DDEB0E8E}
		{F083780F-836F-4457-B0E9-EEC7A8B078AB} = {4313211D-57A4-40D9-8757-770CF3D71377}
		{9FE9F024-3CFC-4C75-939E-9DDC3EA2EE97} = {B1B7239F-3E18-4435-959A-9B11DDEB0E8E}
		{AAD6ED9C-1C7F-412B-BE5B-A4331FFC4845} = {F083780F-836F-4457-B0E9-EEC7A8B078AB}
		{17580A43-A580-4D54-B84F-306B014C1DD6} = {F083780F-836F-4457-B0E9-EEC7A8B078AB}
		{4192280A-FAA4-4F22-8684-DB52A3171B37} = {F083780F-836F-4457-B0E9-EEC7A8B078AB}
		{E208CB15-30DC-4A28-ACF4-926CCDF9C94D} = {F083780F-836F-4457-B0E9-EEC7A8B078AB}
		{36D591C7-65C7-A0D1-1CBC-10CDE441BDC8} = {4313211D-57A4-40D9-8757-770CF3D71377}
		{B01AE08D-A673-405E-AF4B-F22809EC07F7} = {4313211D-57A4-40D9-8757-770CF3D71377}
		{078CCCEE-289A-46E8-8456-F20AB3E93112} = {B01AE08D-A673-405E-AF4B-F22809EC07F7}
		{3271B87E-85C6-4F65-905A-2E25F80BB645} = {B01AE08D-A673-405E-AF4B-F22809EC07F7}
		{1AAA1619-7FF4-44D1-835C-5E207F5BB61F} = {B01AE08D-A673-405E-AF4B-F22809EC07F7}
		{D8055BFC-E2FC-465D-9084-38CD007AC964} = {B01AE08D-A673-405E-AF4B-F22809EC07F7}
		{E7AE00D4-A800-43B4-A014-8A05B6A503DE} = {B01AE08D-A673-405E-AF4B-F22809EC07F7}
		{211A5D6E-C1E6-499B-86C0-A7CD1AABFF72} = {B01AE08D-A673-405E-AF4B-F22809EC07F7}
		{2B3D4568-A830-4D72-AA76-318989A2E2B4} = {4313211D-57A4-40D9-8757-770CF3D71377}
		{D2A96957-BF25-4990-A074-18C9CD8568C7} = {2B3D4568-A830-4D72-AA76-318989A2E2B4}
		{5300162F-8403-444E-8DE7-4F39C82B673F} = {2B3D4568-A830-4D72-AA76-318989A2E2B4}
		{D2D0043A-8951-486E-8C20-28A5A1A442FA} = {2B3D4568-A830-4D72-AA76-318989A2E2B4}
		{830AC8BD-A8D3-40FA-AF45-47A22451140D} = {CD732574-CCAF-4053-B115-036267A727C0}
		{34E2E839-7D59-434A-B67A-B68F4A563AF3} = {CD0AF8F6-C30D-4045-BD67-10B5E0FED989}
		{4CEB32A2-DC18-44EC-9144-96E8F4DC6AB4} = {CD732574-CCAF-4053-B115-036267A727C0}
		{DA77F804-5BD7-4611-BB49-90C07BC5AD39} = {2B3D4568-A830-4D72-AA76-318989A2E2B4}
		{B63287E7-CA69-493E-99AC-3FFA0AA4390E} = {4313211D-57A4-40D9-8757-770CF3D71377}
		{0B42E547-F404-47F5-9A97-D93E956DB5BF} = {B63287E7-CA69-493E-99AC-3FFA0AA4390E}
		{7A2AC537-DFD4-4D82-836F-760F0E91FB55} = {2B3D4568-A830-4D72-AA76-318989A2E2B4}
		{27EDF7E4-A651-4052-8D8A-6A445659B1A7} = {2B3D4568-A830-4D72-AA76-318989A2E2B4}
		{0D7E3F31-1581-4D6C-9C0A-8B7DD2A9283C} = {2B3D4568-A830-4D72-AA76-318989A2E2B4}
		{16C47443-52F1-4CF5-84A0-95EC8E0E16B9} = {2B3D4568-A830-4D72-AA76-318989A2E2B4}
		{22B45A1F-FA8F-4671-9635-3A988414E2AA} = {B63287E7-CA69-493E-99AC-3FFA0AA4390E}
		{D21476A2-F378-4278-93FA-ED6E13B3D840} = {B63287E7-CA69-493E-99AC-3FFA0AA4390E}
		{1E5F7ECD-4611-456D-964A-6CA4FE9A58D6} = {B63287E7-CA69-493E-99AC-3FFA0AA4390E}
		{A38B0C76-C432-40C4-9D8C-B946A1A2925A} = {CD732574-CCAF-4053-B115-036267A727C0}
		{A3D82C39-54DF-4E42-A297-7A2B9C37490F} = {B63287E7-CA69-493E-99AC-3FFA0AA4390E}
		{9E1D8BF1-EAA3-4B1C-93DF-982B5952CE73} = {B63287E7-CA69-493E-99AC-3FFA0AA4390E}
		{9BA6B78D-1924-483D-B7B6-444FD9C61EA5} = {B63287E7-CA69-493E-99AC-3FFA0AA4390E}
		{5E4A0911-0395-48C5-BB85-BF457FDDCF2C} = {4313211D-57A4-40D9-8757-770CF3D71377}
		{67F0F5B9-2892-4751-9028-F2B6CC139928} = {5E4A0911-0395-48C5-BB85-BF457FDDCF2C}
		{C5AE7890-B0C5-4805-927A-D212C7F26C98} = {5E4A0911-0395-48C5-BB85-BF457FDDCF2C}
		{21F6BF28-1527-4CAC-981B-7B090A749EF8} = {5E4A0911-0395-48C5-BB85-BF457FDDCF2C}
		{AFE81802-96E2-4022-A068-07CB66940BF7} = {5E4A0911-0395-48C5-BB85-BF457FDDCF2C}
		{756B1052-E7FE-4B0E-B4DB-9EC609812A21} = {5E4A0911-0395-48C5-BB85-BF457FDDCF2C}
		{040C760E-52B7-44B7-8155-2B97B266DEFC} = {5E4A0911-0395-48C5-BB85-BF457FDDCF2C}
		{E7A24E09-2BA6-4A4B-A881-FCC89E2879CC} = {5E4A0911-0395-48C5-BB85-BF457FDDCF2C}
		{21E24FD0-4702-4EFB-AA13-2B14567838A7} = {5E4A0911-0395-48C5-BB85-BF457FDDCF2C}
		{DD9A49A4-0000-450D-B3A7-C460DA33B121} = {5E4A0911-0395-48C5-BB85-BF457FDDCF2C}
		{70497565-3102-4DA8-98D2-02FA459D46DB} = {5E4A0911-0395-48C5-BB85-BF457FDDCF2C}
		{33037562-80F1-4610-8FFF-888FC6472B88} = {4313211D-57A4-40D9-8757-770CF3D71377}
		{987689D7-DDFE-4B02-B757-66FEB4564036} = {33037562-80F1-4610-8FFF-888FC6472B88}
		{690FF96F-A2D0-42D7-8A43-8CB399880EBB} = {33037562-80F1-4610-8FFF-888FC6472B88}
		{F0623E8E-26E8-4DA6-B7BE-A4DE91FD2452} = {33037562-80F1-4610-8FFF-888FC6472B88}
		{E071E4E7-8286-41DC-9E1A-C52E18E711AE} = {33037562-80F1-4610-8FFF-888FC6472B88}
		{BC20F7B6-9D7D-4F4E-8F8B-E253CB27F5B6} = {33037562-80F1-4610-8FFF-888FC6472B88}
		{D60344F2-689F-4FFD-8CE8-1464FFD94724} = {33037562-80F1-4610-8FFF-888FC6472B88}
		{FBB59BA1-4684-4590-A4B8-7F92B9D3DE9E} = {33037562-80F1-4610-8FFF-888FC6472B88}
		{A29E1463-A600-4EEF-B43D-3F40F75BC25B} = {4313211D-57A4-40D9-8757-770CF3D71377}
		{8DED41B2-A02C-4E14-91AA-9B790B905564} = {A29E1463-A600-4EEF-B43D-3F40F75BC25B}
		{A31469B4-08A4-439B-AD40-0EA6533637C6} = {A29E1463-A600-4EEF-B43D-3F40F75BC25B}
	EndGlobalSection
	GlobalSection(ExtensibilityGlobals) = postSolution
		SolutionGuid = {B03E3AC4-5A3D-4659-8C07-BF4E051D19A3}
	EndGlobalSection
EndGlobal
